
Microsoft Visual Studio Solution File, Format Version 12.00
# Visual Studio 14
VisualStudioVersion = 14.0.25420.1
MinimumVisualStudioVersion = 10.0.40219.1
Project("{FAE04EC0-301F-11D3-BF4B-00C04F79EFBC}") = "SmartLock", "SmartLock\SmartLock.csproj", "{EAE8CC47-CF10-4287-9006-CB95276AA105}"
EndProject
Project("{FAE04EC0-301F-11D3-BF4B-00C04F79EFBC}") = "NewUI", "NewUI\NewUI.csproj", "{B18CAF1B-5CF0-47EB-9534-1B470B938CC8}"
EndProject
Global
	GlobalSection(SolutionConfigurationPlatforms) = preSolution
		Debug|Any CPU = Debug|Any CPU
		Release|Any CPU = Release|Any CPU
	EndGlobalSection
	GlobalSection(ProjectConfigurationPlatforms) = postSolution
		{EAE8CC47-CF10-4287-9006-CB95276AA105}.Debug|Any CPU.ActiveCfg = Debug|Any CPU
		{EAE8CC47-CF10-4287-9006-CB95276AA105}.Debug|Any CPU.Build.0 = Debug|Any CPU
		{EAE8CC47-CF10-4287-9006-CB95276AA105}.Release|Any CPU.ActiveCfg = Release|Any CPU
		{EAE8CC47-CF10-4287-9006-CB95276AA105}.Release|Any CPU.Build.0 = Release|Any CPU
		{B18CAF1B-5CF0-47EB-9534-1B470B938CC8}.Debug|Any CPU.ActiveCfg = Debug|Any CPU
		{B18CAF1B-5CF0-47EB-9534-1B470B938CC8}.Debug|Any CPU.Build.0 = Debug|Any CPU
		{B18CAF1B-5CF0-47EB-9534-1B470B938CC8}.Release|Any CPU.ActiveCfg = Release|Any CPU
		{B18CAF1B-5CF0-47EB-9534-1B470B938CC8}.Release|Any CPU.Build.0 = Release|Any CPU
	EndGlobalSection
	GlobalSection(SolutionProperties) = preSolution
		HideSolutionNode = FALSE
	EndGlobalSection
EndGlobal
